// !$*UTF8*$!
{
	archiveVersion = 1;
	classes = {
	};
	objectVersion = 46;
	objects = {

/* Begin PBXBuildFile section */
		1818E93B1D07470B0056BE6D /* AppDelegate.swift in Sources */ = {isa = PBXBuildFile; fileRef = 1818E93A1D07470B0056BE6D /* AppDelegate.swift */; };
		1818E93D1D07470B0056BE6D /* ViewController.swift in Sources */ = {isa = PBXBuildFile; fileRef = 1818E93C1D07470B0056BE6D /* ViewController.swift */; };
		1818E9401D07470B0056BE6D /* Main.storyboard in Resources */ = {isa = PBXBuildFile; fileRef = 1818E93E1D07470B0056BE6D /* Main.storyboard */; };
		1818E9421D07470B0056BE6D /* Assets.xcassets in Resources */ = {isa = PBXBuildFile; fileRef = 1818E9411D07470B0056BE6D /* Assets.xcassets */; };
		1818E9451D07470B0056BE6D /* LaunchScreen.storyboard in Resources */ = {isa = PBXBuildFile; fileRef = 1818E9431D07470B0056BE6D /* LaunchScreen.storyboard */; };
		254E671A017F193D3665B9DC /* Pods_TrocaComigo.framework in Frameworks */ = {isa = PBXBuildFile; fileRef = 3FB913FDC8C05A6305364256 /* Pods_TrocaComigo.framework */; };
/* End PBXBuildFile section */

/* Begin PBXFileReference section */
		1818E9371D07470A0056BE6D /* TrocaComigo.app */ = {isa = PBXFileReference; explicitFileType = wrapper.application; includeInIndex = 0; path = TrocaComigo.app; sourceTree = BUILT_PRODUCTS_DIR; };
		1818E93A1D07470B0056BE6D /* AppDelegate.swift */ = {isa = PBXFileReference; lastKnownFileType = sourcecode.swift; path = AppDelegate.swift; sourceTree = "<group>"; };
		1818E93C1D07470B0056BE6D /* ViewController.swift */ = {isa = PBXFileReference; lastKnownFileType = sourcecode.swift; path = ViewController.swift; sourceTree = "<group>"; };
		1818E93F1D07470B0056BE6D /* Base */ = {isa = PBXFileReference; lastKnownFileType = file.storyboard; name = Base; path = Base.lproj/Main.storyboard; sourceTree = "<group>"; };
		1818E9411D07470B0056BE6D /* Assets.xcassets */ = {isa = PBXFileReference; lastKnownFileType = folder.assetcatalog; path = Assets.xcassets; sourceTree = "<group>"; };
		1818E9441D07470B0056BE6D /* Base */ = {isa = PBXFileReference; lastKnownFileType = file.storyboard; name = Base; path = Base.lproj/LaunchScreen.storyboard; sourceTree = "<group>"; };
		1818E9461D07470B0056BE6D /* Info.plist */ = {isa = PBXFileReference; lastKnownFileType = text.plist.xml; path = Info.plist; sourceTree = "<group>"; };
		3FB913FDC8C05A6305364256 /* Pods_TrocaComigo.framework */ = {isa = PBXFileReference; explicitFileType = wrapper.framework; includeInIndex = 0; path = Pods_TrocaComigo.framework; sourceTree = BUILT_PRODUCTS_DIR; };
		5CE29F51273DB4697D507A3D /* Pods-TrocaComigo.debug.xcconfig */ = {isa = PBXFileReference; includeInIndex = 1; lastKnownFileType = text.xcconfig; name = "Pods-TrocaComigo.debug.xcconfig"; path = "Pods/Target Support Files/Pods-TrocaComigo/Pods-TrocaComigo.debug.xcconfig"; sourceTree = "<group>"; };
		BED5A3FCC83EF6BAC92CA11A /* Pods-TrocaComigo.release.xcconfig */ = {isa = PBXFileReference; includeInIndex = 1; lastKnownFileType = text.xcconfig; name = "Pods-TrocaComigo.release.xcconfig"; path = "Pods/Target Support Files/Pods-TrocaComigo/Pods-TrocaComigo.release.xcconfig"; sourceTree = "<group>"; };
/* End PBXFileReference section */

/* Begin PBXFrameworksBuildPhase section */
		1818E9341D07470A0056BE6D /* Frameworks */ = {
			isa = PBXFrameworksBuildPhase;
			buildActionMask = 2147483647;
			files = (
				254E671A017F193D3665B9DC /* Pods_TrocaComigo.framework in Frameworks */,
			);
			runOnlyForDeploymentPostprocessing = 0;
		};
/* End PBXFrameworksBuildPhase section */

/* Begin PBXGroup section */
		047DCD20309CD797FFDBD768 /* Frameworks */ = {
			isa = PBXGroup;
			children = (
				3FB913FDC8C05A6305364256 /* Pods_TrocaComigo.framework */,
			);
			name = Frameworks;
			sourceTree = "<group>";
		};
		1818E92E1D07470A0056BE6D = {
			isa = PBXGroup;
			children = (
				1818E9391D07470A0056BE6D /* TrocaComigo */,
				1818E9381D07470A0056BE6D /* Products */,
				D0406BF6B8D4D5A923034621 /* Pods */,
				047DCD20309CD797FFDBD768 /* Frameworks */,
			);
			sourceTree = "<group>";
		};
		1818E9381D07470A0056BE6D /* Products */ = {
			isa = PBXGroup;
			children = (
				1818E9371D07470A0056BE6D /* TrocaComigo.app */,
			);
			name = Products;
			sourceTree = "<group>";
		};
		1818E9391D07470A0056BE6D /* TrocaComigo */ = {
			isa = PBXGroup;
			children = (
				1818E93A1D07470B0056BE6D /* AppDelegate.swift */,
				1818E93C1D07470B0056BE6D /* ViewController.swift */,
				1818E93E1D07470B0056BE6D /* Main.storyboard */,
				1818E9411D07470B0056BE6D /* Assets.xcassets */,
				1818E9431D07470B0056BE6D /* LaunchScreen.storyboard */,
				1818E9461D07470B0056BE6D /* Info.plist */,
			);
			path = TrocaComigo;
			sourceTree = "<group>";
		};
		D0406BF6B8D4D5A923034621 /* Pods */ = {
			isa = PBXGroup;
			children = (
				5CE29F51273DB4697D507A3D /* Pods-TrocaComigo.debug.xcconfig */,
				BED5A3FCC83EF6BAC92CA11A /* Pods-TrocaComigo.release.xcconfig */,
			);
			name = Pods;
			sourceTree = "<group>";
		};
/* End PBXGroup section */

/* Begin PBXNativeTarget section */
		1818E9361D07470A0056BE6D /* TrocaComigo */ = {
			isa = PBXNativeTarget;
			buildConfigurationList = 1818E9491D07470B0056BE6D /* Build configuration list for PBXNativeTarget "TrocaComigo" */;
			buildPhases = (
				288DFF0B42936C69CD94193D /* [CP] Check Pods Manifest.lock */,
				1818E9331D07470A0056BE6D /* Sources */,
				1818E9341D07470A0056BE6D /* Frameworks */,
				1818E9351D07470A0056BE6D /* Resources */,
				DECE80199BCED0DD16FB010D /* [CP] Embed Pods Frameworks */,
				A2C2765FDD6A64D187AADE92 /* [CP] Copy Pods Resources */,
			);
			buildRules = (
			);
			dependencies = (
			);
			name = TrocaComigo;
			productName = TrocaComigo;
			productReference = 1818E9371D07470A0056BE6D /* TrocaComigo.app */;
			productType = "com.apple.product-type.application";
		};
/* End PBXNativeTarget section */

/* Begin PBXProject section */
		1818E92F1D07470A0056BE6D /* Project object */ = {
			isa = PBXProject;
			attributes = {
				LastSwiftUpdateCheck = 0730;
				LastUpgradeCheck = 0730;
				ORGANIZATIONNAME = "Ana Luiza Ferrer";
				TargetAttributes = {
					1818E9361D07470A0056BE6D = {
						CreatedOnToolsVersion = 7.3;
					};
				};
			};
			buildConfigurationList = 1818E9321D07470A0056BE6D /* Build configuration list for PBXProject "TrocaComigo" */;
			compatibilityVersion = "Xcode 3.2";
			developmentRegion = English;
			hasScannedForEncodings = 0;
			knownRegions = (
				en,
				Base,
			);
			mainGroup = 1818E92E1D07470A0056BE6D;
			productRefGroup = 1818E9381D07470A0056BE6D /* Products */;
			projectDirPath = "";
			projectRoot = "";
			targets = (
				1818E9361D07470A0056BE6D /* TrocaComigo */,
			);
		};
/* End PBXProject section */

/* Begin PBXResourcesBuildPhase section */
		1818E9351D07470A0056BE6D /* Resources */ = {
			isa = PBXResourcesBuildPhase;
			buildActionMask = 2147483647;
			files = (
				1818E9451D07470B0056BE6D /* LaunchScreen.storyboard in Resources */,
				1818E9421D07470B0056BE6D /* Assets.xcassets in Resources */,
				1818E9401D07470B0056BE6D /* Main.storyboard in Resources */,
			);
			runOnlyForDeploymentPostprocessing = 0;
		};
/* End PBXResourcesBuildPhase section */

/* Begin PBXShellScriptBuildPhase section */
		288DFF0B42936C69CD94193D /* [CP] Check Pods Manifest.lock */ = {
			isa = PBXShellScriptBuildPhase;
			buildActionMask = 2147483647;
			files = (
			);
			inputPaths = (
			);
			name = "[CP] Check Pods Manifest.lock";
			outputPaths = (
			);
			runOnlyForDeploymentPostprocessing = 0;
			shellPath = /bin/sh;
			shellScript = "diff \"${PODS_ROOT}/../Podfile.lock\" \"${PODS_ROOT}/Manifest.lock\" > /dev/null\nif [[ $? != 0 ]] ; then\n    cat << EOM\nerror: The sandbox is not in sync with the Podfile.lock. Run 'pod install' or update your CocoaPods installation.\nEOM\n    exit 1\nfi\n";
			showEnvVarsInLog = 0;
		};
		A2C2765FDD6A64D187AADE92 /* [CP] Copy Pods Resources */ = {
			isa = PBXShellScriptBuildPhase;
			buildActionMask = 2147483647;
			files = (
			);
			inputPaths = (
			);
			name = "[CP] Copy Pods Resources";
			outputPaths = (
			);
			runOnlyForDeploymentPostprocessing = 0;
			shellPath = /bin/sh;
			shellScript = "\"${SRCROOT}/Pods/Target Support Files/Pods-TrocaComigo/Pods-TrocaComigo-resources.sh\"\n";
			showEnvVarsInLog = 0;
		};
		DECE80199BCED0DD16FB010D /* [CP] Embed Pods Frameworks */ = {
			isa = PBXShellScriptBuildPhase;
			buildActionMask = 2147483647;
			files = (
			);
			inputPaths = (
			);
			name = "[CP] Embed Pods Frameworks";
			outputPaths = (
			);
			runOnlyForDeploymentPostprocessing = 0;
			shellPath = /bin/sh;
			shellScript = "\"${SRCROOT}/Pods/Target Support Files/Pods-TrocaComigo/Pods-TrocaComigo-frameworks.sh\"\n";
			showEnvVarsInLog = 0;
		};
/* End PBXShellScriptBuildPhase section */

/* Begin PBXSourcesBuildPhase section */
		1818E9331D07470A0056BE6D /* Sources */ = {
			isa = PBXSourcesBuildPhase;
			buildActionMask = 2147483647;
			files = (
				1818E93D1D07470B0056BE6D /* ViewController.swift in Sources */,
				1818E93B1D07470B0056BE6D /* AppDelegate.swift in Sources */,
			);
			runOnlyForDeploymentPostprocessing = 0;
		};
/* End PBXSourcesBuildPhase section */

/* Begin PBXVariantGroup section */
		1818E93E1D07470B0056BE6D /* Main.storyboard */ = {
			isa = PBXVariantGroup;
			children = (
				1818E93F1D07470B0056BE6D /* Base */,
			);
			name = Main.storyboard;
			sourceTree = "<group>";
		};
		1818E9431D07470B0056BE6D /* LaunchScreen.storyboard */ = {
			isa = PBXVariantGroup;
			children = (
				1818E9441D07470B0056BE6D /* Base */,
			);
			name = LaunchScreen.storyboard;
			sourceTree = "<group>";
		};
/* End PBXVariantGroup section */

/* Begin XCBuildConfiguration section */
		1818E9471D07470B0056BE6D /* Debug */ = {
			isa = XCBuildConfiguration;
			buildSettings = {
				ALWAYS_SEARCH_USER_PATHS = NO;
				CLANG_ANALYZER_NONNULL = YES;
				CLANG_CXX_LANGUAGE_STANDARD = "gnu++0x";
				CLANG_CXX_LIBRARY = "libc++";
				CLANG_ENABLE_MODULES = YES;
				CLANG_ENABLE_OBJC_ARC = YES;
				CLANG_WARN_BOOL_CONVERSION = YES;
				CLANG_WARN_CONSTANT_CONVERSION = YES;
				CLANG_WARN_DIRECT_OBJC_ISA_USAGE = YES_ERROR;
				CLANG_WARN_EMPTY_BODY = YES;
				CLANG_WARN_ENUM_CONVERSION = YES;
				CLANG_WARN_INT_CONVERSION = YES;
				CLANG_WARN_OBJC_ROOT_CLASS = YES_ERROR;
				CLANG_WARN_UNREACHABLE_CODE = YES;
				CLANG_WARN__DUPLICATE_METHOD_MATCH = YES;
				"CODE_SIGN_IDENTITY[sdk=iphoneos*]" = "iPhone Developer";
				COPY_PHASE_STRIP = NO;
				DEBUG_INFORMATION_FORMAT = dwarf;
				ENABLE_STRICT_OBJC_MSGSEND = YES;
				ENABLE_TESTABILITY = YES;
				GCC_C_LANGUAGE_STANDARD = gnu99;
				GCC_DYNAMIC_NO_PIC = NO;
				GCC_NO_COMMON_BLOCKS = YES;
				GCC_OPTIMIZATION_LEVEL = 0;
				GCC_PREPROCESSOR_DEFINITIONS = (
					"DEBUG=1",
					"$(inherited)",
				);
				GCC_WARN_64_TO_32_BIT_CONVERSION = YES;
				GCC_WARN_ABOUT_RETURN_TYPE = YES_ERROR;
				GCC_WARN_UNDECLARED_SELECTOR = YES;
				GCC_WARN_UNINITIALIZED_AUTOS = YES_AGGRESSIVE;
				GCC_WARN_UNUSED_FUNCTION = YES;
				GCC_WARN_UNUSED_VARIABLE = YES;
				IPHONEOS_DEPLOYMENT_TARGET = 9.3;
				MTL_ENABLE_DEBUG_INFO = YES;
				ONLY_ACTIVE_ARCH = YES;
				SDKROOT = iphoneos;
				SWIFT_OPTIMIZATION_LEVEL = "-Onone";
			};
			name = Debug;
		};
		1818E9481D07470B0056BE6D /* Release */ = {
			isa = XCBuildConfiguration;
			buildSettings = {
				ALWAYS_SEARCH_USER_PATHS = NO;
				CLANG_ANALYZER_NONNULL = YES;
				CLANG_CXX_LANGUAGE_STANDARD = "gnu++0x";
				CLANG_CXX_LIBRARY = "libc++";
				CLANG_ENABLE_MODULES = YES;
				CLANG_ENABLE_OBJC_ARC = YES;
				CLANG_WARN_BOOL_CONVERSION = YES;
				CLANG_WARN_CONSTANT_CONVERSION = YES;
				CLANG_WARN_DIRECT_OBJC_ISA_USAGE = YES_ERROR;
				CLANG_WARN_EMPTY_BODY = YES;
				CLANG_WARN_ENUM_CONVERSION = YES;
				CLANG_WARN_INT_CONVERSION = YES;
				CLANG_WARN_OBJC_ROOT_CLASS = YES_ERROR;
				CLANG_WARN_UNREACHABLE_CODE = YES;
				CLANG_WARN__DUPLICATE_METHOD_MATCH = YES;
				"CODE_SIGN_IDENTITY[sdk=iphoneos*]" = "iPhone Developer";
				COPY_PHASE_STRIP = NO;
				DEBUG_INFORMATION_FORMAT = "dwarf-with-dsym";
				ENABLE_NS_ASSERTIONS = NO;
				ENABLE_STRICT_OBJC_MSGSEND = YES;
				GCC_C_LANGUAGE_STANDARD = gnu99;
				GCC_NO_COMMON_BLOCKS = YES;
				GCC_WARN_64_TO_32_BIT_CONVERSION = YES;
				GCC_WARN_ABOUT_RETURN_TYPE = YES_ERROR;
				GCC_WARN_UNDECLARED_SELECTOR = YES;
				GCC_WARN_UNINITIALIZED_AUTOS = YES_AGGRESSIVE;
				GCC_WARN_UNUSED_FUNCTION = YES;
				GCC_WARN_UNUSED_VARIABLE = YES;
				IPHONEOS_DEPLOYMENT_TARGET = 9.3;
				MTL_ENABLE_DEBUG_INFO = NO;
				SDKROOT = iphoneos;
				VALIDATE_PRODUCT = YES;
			};
			name = Release;
		};
		1818E94A1D07470B0056BE6D /* Debug */ = {
			isa = XCBuildConfiguration;
			baseConfigurationReference = 5CE29F51273DB4697D507A3D /* Pods-TrocaComigo.debug.xcconfig */;
			buildSettings = {
				ASSETCATALOG_COMPILER_APPICON_NAME = AppIcon;
				INFOPLIST_FILE = TrocaComigo/Info.plist;
				LD_RUNPATH_SEARCH_PATHS = "$(inherited) @executable_path/Frameworks";
				PRODUCT_BUNDLE_IDENTIFIER = AnaLuizaFerrer.TrocaComigo;
				PRODUCT_NAME = "$(TARGET_NAME)";
			};
			name = Debug;
		};
		1818E94B1D07470B0056BE6D /* Release */ = {
			isa = XCBuildConfiguration;
			baseConfigurationReference = BED5A3FCC83EF6BAC92CA11A /* Pods-TrocaComigo.release.xcconfig */;
			buildSettings = {
				ASSETCATALOG_COMPILER_APPICON_NAME = AppIcon;
				INFOPLIST_FILE = TrocaComigo/Info.plist;
				LD_RUNPATH_SEARCH_PATHS = "$(inherited) @executable_path/Frameworks";
				PRODUCT_BUNDLE_IDENTIFIER = AnaLuizaFerrer.TrocaComigo;
				PRODUCT_NAME = "$(TARGET_NAME)";
			};
			name = Release;
		};
/* End XCBuildConfiguration section */

/* Begin XCConfigurationList section */
		1818E9321D07470A0056BE6D /* Build configuration list for PBXProject "TrocaComigo" */ = {
			isa = XCConfigurationList;
			buildConfigurations = (
				1818E9471D07470B0056BE6D /* Debug */,
				1818E9481D07470B0056BE6D /* Release */,
			);
			defaultConfigurationIsVisible = 0;
			defaultConfigurationName = Release;
		};
		1818E9491D07470B0056BE6D /* Build configuration list for PBXNativeTarget "TrocaComigo" */ = {
			isa = XCConfigurationList;
			buildConfigurations = (
				1818E94A1D07470B0056BE6D /* Debug */,
				1818E94B1D07470B0056BE6D /* Release */,
			);
			defaultConfigurationIsVisible = 0;
			defaultConfigurationName = Release;
		};
/* End XCConfigurationList section */
	};
	rootObject = 1818E92F1D07470A0056BE6D /* Project object */;
}
